// !$*UTF8*$!
{
	archiveVersion = 1;
	classes = {
	};
	objectVersion = 56;
	objects = {

/* Begin PBXBuildFile section */
		02718D4D2BDEEBFA00D277E4 /* AppDelegate.swift in Sources */ = {isa = PBXBuildFile; fileRef = 02718D4C2BDEEBFA00D277E4 /* AppDelegate.swift */; };
		02718D4F2BDEEBFA00D277E4 /* SceneDelegate.swift in Sources */ = {isa = PBXBuildFile; fileRef = 02718D4E2BDEEBFA00D277E4 /* SceneDelegate.swift */; };
		02718D512BDEEBFA00D277E4 /* ViewController.swift in Sources */ = {isa = PBXBuildFile; fileRef = 02718D502BDEEBFA00D277E4 /* ViewController.swift */; };
		02718D542BDEEBFA00D277E4 /* Base in Resources */ = {isa = PBXBuildFile; fileRef = 02718D532BDEEBFA00D277E4 /* Base */; };
		02718D562BDEEBFB00D277E4 /* Assets.xcassets in Resources */ = {isa = PBXBuildFile; fileRef = 02718D552BDEEBFB00D277E4 /* Assets.xcassets */; };
		02718D592BDEEBFB00D277E4 /* Base in Resources */ = {isa = PBXBuildFile; fileRef = 02718D582BDEEBFB00D277E4 /* Base */; };
		02718D642BDEEBFB00D277E4 /* iKidTests.swift in Sources */ = {isa = PBXBuildFile; fileRef = 02718D632BDEEBFB00D277E4 /* iKidTests.swift */; };
		02718D6E2BDEEBFB00D277E4 /* iKidUITests.swift in Sources */ = {isa = PBXBuildFile; fileRef = 02718D6D2BDEEBFB00D277E4 /* iKidUITests.swift */; };
		02718D702BDEEBFB00D277E4 /* iKidUITestsLaunchTests.swift in Sources */ = {isa = PBXBuildFile; fileRef = 02718D6F2BDEEBFB00D277E4 /* iKidUITestsLaunchTests.swift */; };
		02718D7D2BDEF44500D277E4 /* GoodJokeViewController.swift in Sources */ = {isa = PBXBuildFile; fileRef = 02718D7C2BDEF44400D277E4 /* GoodJokeViewController.swift */; };
/* End PBXBuildFile section */

/* Begin PBXContainerItemProxy section */
		02718D602BDEEBFB00D277E4 /* PBXContainerItemProxy */ = {
			isa = PBXContainerItemProxy;
			containerPortal = 02718D412BDEEBFA00D277E4 /* Project object */;
			proxyType = 1;
			remoteGlobalIDString = 02718D482BDEEBFA00D277E4;
			remoteInfo = iKid;
		};
		02718D6A2BDEEBFB00D277E4 /* PBXContainerItemProxy */ = {
			isa = PBXContainerItemProxy;
			containerPortal = 02718D412BDEEBFA00D277E4 /* Project object */;
			proxyType = 1;
			remoteGlobalIDString = 02718D482BDEEBFA00D277E4;
			remoteInfo = iKid;
		};
/* End PBXContainerItemProxy section */

/* Begin PBXFileReference section */
		02718D492BDEEBFA00D277E4 /* iKid.app */ = {isa = PBXFileReference; explicitFileType = wrapper.application; includeInIndex = 0; path = iKid.app; sourceTree = BUILT_PRODUCTS_DIR; };
		02718D4C2BDEEBFA00D277E4 /* AppDelegate.swift */ = {isa = PBXFileReference; lastKnownFileType = sourcecode.swift; path = AppDelegate.swift; sourceTree = "<group>"; };
		02718D4E2BDEEBFA00D277E4 /* SceneDelegate.swift */ = {isa = PBXFileReference; lastKnownFileType = sourcecode.swift; path = SceneDelegate.swift; sourceTree = "<group>"; };
		02718D502BDEEBFA00D277E4 /* ViewController.swift */ = {isa = PBXFileReference; lastKnownFileType = sourcecode.swift; path = ViewController.swift; sourceTree = "<group>"; };
		02718D532BDEEBFA00D277E4 /* Base */ = {isa = PBXFileReference; lastKnownFileType = file.storyboard; name = Base; path = Base.lproj/Main.storyboard; sourceTree = "<group>"; };
		02718D552BDEEBFB00D277E4 /* Assets.xcassets */ = {isa = PBXFileReference; lastKnownFileType = folder.assetcatalog; path = Assets.xcassets; sourceTree = "<group>"; };
		02718D582BDEEBFB00D277E4 /* Base */ = {isa = PBXFileReference; lastKnownFileType = file.storyboard; name = Base; path = Base.lproj/LaunchScreen.storyboard; sourceTree = "<group>"; };
		02718D5A2BDEEBFB00D277E4 /* Info.plist */ = {isa = PBXFileReference; lastKnownFileType = text.plist.xml; path = Info.plist; sourceTree = "<group>"; };
		02718D5F2BDEEBFB00D277E4 /* iKidTests.xctest */ = {isa = PBXFileReference; explicitFileType = wrapper.cfbundle; includeInIndex = 0; path = iKidTests.xctest; sourceTree = BUILT_PRODUCTS_DIR; };
		02718D632BDEEBFB00D277E4 /* iKidTests.swift */ = {isa = PBXFileReference; lastKnownFileType = sourcecode.swift; path = iKidTests.swift; sourceTree = "<group>"; };
		02718D692BDEEBFB00D277E4 /* iKidUITests.xctest */ = {isa = PBXFileReference; explicitFileType = wrapper.cfbundle; includeInIndex = 0; path = iKidUITests.xctest; sourceTree = BUILT_PRODUCTS_DIR; };
		02718D6D2BDEEBFB00D277E4 /* iKidUITests.swift */ = {isa = PBXFileReference; lastKnownFileType = sourcecode.swift; path = iKidUITests.swift; sourceTree = "<group>"; };
		02718D6F2BDEEBFB00D277E4 /* iKidUITestsLaunchTests.swift */ = {isa = PBXFileReference; lastKnownFileType = sourcecode.swift; path = iKidUITestsLaunchTests.swift; sourceTree = "<group>"; };
		02718D7C2BDEF44400D277E4 /* GoodJokeViewController.swift */ = {isa = PBXFileReference; lastKnownFileType = sourcecode.swift; path = GoodJokeViewController.swift; sourceTree = "<group>"; };
/* End PBXFileReference section */

/* Begin PBXFrameworksBuildPhase section */
		02718D462BDEEBFA00D277E4 /* Frameworks */ = {
			isa = PBXFrameworksBuildPhase;
			buildActionMask = 2147483647;
			files = (
			);
			runOnlyForDeploymentPostprocessing = 0;
		};
		02718D5C2BDEEBFB00D277E4 /* Frameworks */ = {
			isa = PBXFrameworksBuildPhase;
			buildActionMask = 2147483647;
			files = (
			);
			runOnlyForDeploymentPostprocessing = 0;
		};
		02718D662BDEEBFB00D277E4 /* Frameworks */ = {
			isa = PBXFrameworksBuildPhase;
			buildActionMask = 2147483647;
			files = (
			);
			runOnlyForDeploymentPostprocessing = 0;
		};
/* End PBXFrameworksBuildPhase section */

/* Begin PBXGroup section */
		02718D402BDEEBFA00D277E4 = {
			isa = PBXGroup;
			children = (
				02718D4B2BDEEBFA00D277E4 /* iKid */,
				02718D622BDEEBFB00D277E4 /* iKidTests */,
				02718D6C2BDEEBFB00D277E4 /* iKidUITests */,
				02718D4A2BDEEBFA00D277E4 /* Products */,
			);
			sourceTree = "<group>";
		};
		02718D4A2BDEEBFA00D277E4 /* Products */ = {
			isa = PBXGroup;
			children = (
				02718D492BDEEBFA00D277E4 /* iKid.app */,
				02718D5F2BDEEBFB00D277E4 /* iKidTests.xctest */,
				02718D692BDEEBFB00D277E4 /* iKidUITests.xctest */,
			);
			name = Products;
			sourceTree = "<group>";
		};
		02718D4B2BDEEBFA00D277E4 /* iKid */ = {
			isa = PBXGroup;
			children = (
				02718D4C2BDEEBFA00D277E4 /* AppDelegate.swift */,
				02718D4E2BDEEBFA00D277E4 /* SceneDelegate.swift */,
				02718D502BDEEBFA00D277E4 /* ViewController.swift */,
				02718D522BDEEBFA00D277E4 /* Main.storyboard */,
				02718D552BDEEBFB00D277E4 /* Assets.xcassets */,
				02718DBA2BE078D500D277E4 /* Images */,
				02718D572BDEEBFB00D277E4 /* LaunchScreen.storyboard */,
				02718D5A2BDEEBFB00D277E4 /* Info.plist */,
				02718D7C2BDEF44400D277E4 /* GoodJokeViewController.swift */,
			);
			path = iKid;
			sourceTree = "<group>";
		};
		02718D622BDEEBFB00D277E4 /* iKidTests */ = {
			isa = PBXGroup;
			children = (
				02718D632BDEEBFB00D277E4 /* iKidTests.swift */,
			);
			path = iKidTests;
			sourceTree = "<group>";
		};
		02718D6C2BDEEBFB00D277E4 /* iKidUITests */ = {
			isa = PBXGroup;
			children = (
				02718D6D2BDEEBFB00D277E4 /* iKidUITests.swift */,
				02718D6F2BDEEBFB00D277E4 /* iKidUITestsLaunchTests.swift */,
			);
			path = iKidUITests;
			sourceTree = "<group>";
		};
		02718DBA2BE078D500D277E4 /* Images */ = {
			isa = PBXGroup;
			children = (
			);
			path = Images;
			sourceTree = "<group>";
		};
/* End PBXGroup section */

/* Begin PBXNativeTarget section */
		02718D482BDEEBFA00D277E4 /* iKid */ = {
			isa = PBXNativeTarget;
			buildConfigurationList = 02718D732BDEEBFB00D277E4 /* Build configuration list for PBXNativeTarget "iKid" */;
			buildPhases = (
				02718D452BDEEBFA00D277E4 /* Sources */,
				02718D462BDEEBFA00D277E4 /* Frameworks */,
				02718D472BDEEBFA00D277E4 /* Resources */,
			);
			buildRules = (
			);
			dependencies = (
			);
			name = iKid;
			productName = iKid;
			productReference = 02718D492BDEEBFA00D277E4 /* iKid.app */;
			productType = "com.apple.product-type.application";
		};
		02718D5E2BDEEBFB00D277E4 /* iKidTests */ = {
			isa = PBXNativeTarget;
			buildConfigurationList = 02718D762BDEEBFB00D277E4 /* Build configuration list for PBXNativeTarget "iKidTests" */;
			buildPhases = (
				02718D5B2BDEEBFB00D277E4 /* Sources */,
				02718D5C2BDEEBFB00D277E4 /* Frameworks */,
				02718D5D2BDEEBFB00D277E4 /* Resources */,
			);
			buildRules = (
			);
			dependencies = (
				02718D612BDEEBFB00D277E4 /* PBXTargetDependency */,
			);
			name = iKidTests;
			productName = iKidTests;
			productReference = 02718D5F2BDEEBFB00D277E4 /* iKidTests.xctest */;
			productType = "com.apple.product-type.bundle.unit-test";
		};
		02718D682BDEEBFB00D277E4 /* iKidUITests */ = {
			isa = PBXNativeTarget;
			buildConfigurationList = 02718D792BDEEBFB00D277E4 /* Build configuration list for PBXNativeTarget "iKidUITests" */;
			buildPhases = (
				02718D652BDEEBFB00D277E4 /* Sources */,
				02718D662BDEEBFB00D277E4 /* Frameworks */,
				02718D672BDEEBFB00D277E4 /* Resources */,
			);
			buildRules = (
			);
			dependencies = (
				02718D6B2BDEEBFB00D277E4 /* PBXTargetDependency */,
			);
			name = iKidUITests;
			productName = iKidUITests;
			productReference = 02718D692BDEEBFB00D277E4 /* iKidUITests.xctest */;
			productType = "com.apple.product-type.bundle.ui-testing";
		};
/* End PBXNativeTarget section */

/* Begin PBXProject section */
		02718D412BDEEBFA00D277E4 /* Project object */ = {
			isa = PBXProject;
			attributes = {
				BuildIndependentTargetsInParallel = 1;
				LastSwiftUpdateCheck = 1530;
				LastUpgradeCheck = 1530;
				TargetAttributes = {
					02718D482BDEEBFA00D277E4 = {
						CreatedOnToolsVersion = 15.3;
					};
					02718D5E2BDEEBFB00D277E4 = {
						CreatedOnToolsVersion = 15.3;
						TestTargetID = 02718D482BDEEBFA00D277E4;
					};
					02718D682BDEEBFB00D277E4 = {
						CreatedOnToolsVersion = 15.3;
						TestTargetID = 02718D482BDEEBFA00D277E4;
					};
				};
			};
			buildConfigurationList = 02718D442BDEEBFA00D277E4 /* Build configuration list for PBXProject "iKid" */;
			compatibilityVersion = "Xcode 14.0";
			developmentRegion = en;
			hasScannedForEncodings = 0;
			knownRegions = (
				en,
				Base,
			);
			mainGroup = 02718D402BDEEBFA00D277E4;
			productRefGroup = 02718D4A2BDEEBFA00D277E4 /* Products */;
			projectDirPath = "";
			projectRoot = "";
			targets = (
				02718D482BDEEBFA00D277E4 /* iKid */,
				02718D5E2BDEEBFB00D277E4 /* iKidTests */,
				02718D682BDEEBFB00D277E4 /* iKidUITests */,
			);
		};
/* End PBXProject section */

/* Begin PBXResourcesBuildPhase section */
		02718D472BDEEBFA00D277E4 /* Resources */ = {
			isa = PBXResourcesBuildPhase;
			buildActionMask = 2147483647;
			files = (
				02718D562BDEEBFB00D277E4 /* Assets.xcassets in Resources */,
				02718D592BDEEBFB00D277E4 /* Base in Resources */,
				02718D542BDEEBFA00D277E4 /* Base in Resources */,
			);
			runOnlyForDeploymentPostprocessing = 0;
		};
		02718D5D2BDEEBFB00D277E4 /* Resources */ = {
			isa = PBXResourcesBuildPhase;
			buildActionMask = 2147483647;
			files = (
			);
			runOnlyForDeploymentPostprocessing = 0;
		};
		02718D672BDEEBFB00D277E4 /* Resources */ = {
			isa = PBXResourcesBuildPhase;
			buildActionMask = 2147483647;
			files = (
			);
			runOnlyForDeploymentPostprocessing = 0;
		};
/* End PBXResourcesBuildPhase section */

/* Begin PBXSourcesBuildPhase section */
		02718D452BDEEBFA00D277E4 /* Sources */ = {
			isa = PBXSourcesBuildPhase;
			buildActionMask = 2147483647;
			files = (
				02718D512BDEEBFA00D277E4 /* ViewController.swift in Sources */,
				02718D7D2BDEF44500D277E4 /* GoodJokeViewController.swift in Sources */,
				02718D4D2BDEEBFA00D277E4 /* AppDelegate.swift in Sources */,
				02718D4F2BDEEBFA00D277E4 /* SceneDelegate.swift in Sources */,
			);
			runOnlyForDeploymentPostprocessing = 0;
		};
		02718D5B2BDEEBFB00D277E4 /* Sources */ = {
			isa = PBXSourcesBuildPhase;
			buildActionMask = 2147483647;
			files = (
				02718D642BDEEBFB00D277E4 /* iKidTests.swift in Sources */,
			);
			runOnlyForDeploymentPostprocessing = 0;
		};
		02718D652BDEEBFB00D277E4 /* Sources */ = {
			isa = PBXSourcesBuildPhase;
			buildActionMask = 2147483647;
			files = (
				02718D6E2BDEEBFB00D277E4 /* iKidUITests.swift in Sources */,
				02718D702BDEEBFB00D277E4 /* iKidUITestsLaunchTests.swift in Sources */,
			);
			runOnlyForDeploymentPostprocessing = 0;
		};
/* End PBXSourcesBuildPhase section */

/* Begin PBXTargetDependency section */
		02718D612BDEEBFB00D277E4 /* PBXTargetDependency */ = {
			isa = PBXTargetDependency;
			target = 02718D482BDEEBFA00D277E4 /* iKid */;
			targetProxy = 02718D602BDEEBFB00D277E4 /* PBXContainerItemProxy */;
		};
		02718D6B2BDEEBFB00D277E4 /* PBXTargetDependency */ = {
			isa = PBXTargetDependency;
			target = 02718D482BDEEBFA00D277E4 /* iKid */;
			targetProxy = 02718D6A2BDEEBFB00D277E4 /* PBXContainerItemProxy */;
		};
/* End PBXTargetDependency section */

/* Begin PBXVariantGroup section */
		02718D522BDEEBFA00D277E4 /* Main.storyboard */ = {
			isa = PBXVariantGroup;
			children = (
				02718D532BDEEBFA00D277E4 /* Base */,
			);
			name = Main.storyboard;
			sourceTree = "<group>";
		};
		02718D572BDEEBFB00D277E4 /* LaunchScreen.storyboard */ = {
			isa = PBXVariantGroup;
			children = (
				02718D582BDEEBFB00D277E4 /* Base */,
			);
			name = LaunchScreen.storyboard;
			sourceTree = "<group>";
		};
/* End PBXVariantGroup section */

/* Begin XCBuildConfiguration section */
		02718D712BDEEBFB00D277E4 /* Debug */ = {
			isa = XCBuildConfiguration;
			buildSettings = {
				ALWAYS_SEARCH_USER_PATHS = NO;
				ASSETCATALOG_COMPILER_GENERATE_SWIFT_ASSET_SYMBOL_EXTENSIONS = YES;
				CLANG_ANALYZER_NONNULL = YES;
				CLANG_ANALYZER_NUMBER_OBJECT_CONVERSION = YES_AGGRESSIVE;
				CLANG_CXX_LANGUAGE_STANDARD = "gnu++20";
				CLANG_ENABLE_MODULES = YES;
				CLANG_ENABLE_OBJC_ARC = YES;
				CLANG_ENABLE_OBJC_WEAK = YES;
				CLANG_WARN_BLOCK_CAPTURE_AUTORELEASING = YES;
				CLANG_WARN_BOOL_CONVERSION = YES;
				CLANG_WARN_COMMA = YES;
				CLANG_WARN_CONSTANT_CONVERSION = YES;
				CLANG_WARN_DEPRECATED_OBJC_IMPLEMENTATIONS = YES;
				CLANG_WARN_DIRECT_OBJC_ISA_USAGE = YES_ERROR;
				CLANG_WARN_DOCUMENTATION_COMMENTS = YES;
				CLANG_WARN_EMPTY_BODY = YES;
				CLANG_WARN_ENUM_CONVERSION = YES;
				CLANG_WARN_INFINITE_RECURSION = YES;
				CLANG_WARN_INT_CONVERSION = YES;
				CLANG_WARN_NON_LITERAL_NULL_CONVERSION = YES;
				CLANG_WARN_OBJC_IMPLICIT_RETAIN_SELF = YES;
				CLANG_WARN_OBJC_LITERAL_CONVERSION = YES;
				CLANG_WARN_OBJC_ROOT_CLASS = YES_ERROR;
				CLANG_WARN_QUOTED_INCLUDE_IN_FRAMEWORK_HEADER = YES;
				CLANG_WARN_RANGE_LOOP_ANALYSIS = YES;
				CLANG_WARN_STRICT_PROTOTYPES = YES;
				CLANG_WARN_SUSPICIOUS_MOVE = YES;
				CLANG_WARN_UNGUARDED_AVAILABILITY = YES_AGGRESSIVE;
				CLANG_WARN_UNREACHABLE_CODE = YES;
				CLANG_WARN__DUPLICATE_METHOD_MATCH = YES;
				COPY_PHASE_STRIP = NO;
				DEBUG_INFORMATION_FORMAT = dwarf;
				ENABLE_STRICT_OBJC_MSGSEND = YES;
				ENABLE_TESTABILITY = YES;
				ENABLE_USER_SCRIPT_SANDBOXING = YES;
				GCC_C_LANGUAGE_STANDARD = gnu17;
				GCC_DYNAMIC_NO_PIC = NO;
				GCC_NO_COMMON_BLOCKS = YES;
				GCC_OPTIMIZATION_LEVEL = 0;
				GCC_PREPROCESSOR_DEFINITIONS = (
					"DEBUG=1",
					"$(inherited)",
				);
				GCC_WARN_64_TO_32_BIT_CONVERSION = YES;
				GCC_WARN_ABOUT_RETURN_TYPE = YES_ERROR;
				GCC_WARN_UNDECLARED_SELECTOR = YES;
				GCC_WARN_UNINITIALIZED_AUTOS = YES_AGGRESSIVE;
				GCC_WARN_UNUSED_FUNCTION = YES;
				GCC_WARN_UNUSED_VARIABLE = YES;
				IPHONEOS_DEPLOYMENT_TARGET = 17.4;
				LOCALIZATION_PREFERS_STRING_CATALOGS = YES;
				MTL_ENABLE_DEBUG_INFO = INCLUDE_SOURCE;
				MTL_FAST_MATH = YES;
				ONLY_ACTIVE_ARCH = YES;
				SDKROOT = iphoneos;
				SWIFT_ACTIVE_COMPILATION_CONDITIONS = "DEBUG $(inherited)";
				SWIFT_OPTIMIZATION_LEVEL = "-Onone";
			};
			name = Debug;
		};
		02718D722BDEEBFB00D277E4 /* Release */ = {
			isa = XCBuildConfiguration;
			buildSettings = {
				ALWAYS_SEARCH_USER_PATHS = NO;
				ASSETCATALOG_COMPILER_GENERATE_SWIFT_ASSET_SYMBOL_EXTENSIONS = YES;
				CLANG_ANALYZER_NONNULL = YES;
				CLANG_ANALYZER_NUMBER_OBJECT_CONVERSION = YES_AGGRESSIVE;
				CLANG_CXX_LANGUAGE_STANDARD = "gnu++20";
				CLANG_ENABLE_MODULES = YES;
				CLANG_ENABLE_OBJC_ARC = YES;
				CLANG_ENABLE_OBJC_WEAK = YES;
				CLANG_WARN_BLOCK_CAPTURE_AUTORELEASING = YES;
				CLANG_WARN_BOOL_CONVERSION = YES;
				CLANG_WARN_COMMA = YES;
				CLANG_WARN_CONSTANT_CONVERSION = YES;
				CLANG_WARN_DEPRECATED_OBJC_IMPLEMENTATIONS = YES;
				CLANG_WARN_DIRECT_OBJC_ISA_USAGE = YES_ERROR;
				CLANG_WARN_DOCUMENTATION_COMMENTS = YES;
				CLANG_WARN_EMPTY_BODY = YES;
				CLANG_WARN_ENUM_CONVERSION = YES;
				CLANG_WARN_INFINITE_RECURSION = YES;
				CLANG_WARN_INT_CONVERSION = YES;
				CLANG_WARN_NON_LITERAL_NULL_CONVERSION = YES;
				CLANG_WARN_OBJC_IMPLICIT_RETAIN_SELF = YES;
				CLANG_WARN_OBJC_LITERAL_CONVERSION = YES;
				CLANG_WARN_OBJC_ROOT_CLASS = YES_ERROR;
				CLANG_WARN_QUOTED_INCLUDE_IN_FRAMEWORK_HEADER = YES;
				CLANG_WARN_RANGE_LOOP_ANALYSIS = YES;
				CLANG_WARN_STRICT_PROTOTYPES = YES;
				CLANG_WARN_SUSPICIOUS_MOVE = YES;
				CLANG_WARN_UNGUARDED_AVAILABILITY = YES_AGGRESSIVE;
				CLANG_WARN_UNREACHABLE_CODE = YES;
				CLANG_WARN__DUPLICATE_METHOD_MATCH = YES;
				COPY_PHASE_STRIP = NO;
				DEBUG_INFORMATION_FORMAT = "dwarf-with-dsym";
				ENABLE_NS_ASSERTIONS = NO;
				ENABLE_STRICT_OBJC_MSGSEND = YES;
				ENABLE_USER_SCRIPT_SANDBOXING = YES;
				GCC_C_LANGUAGE_STANDARD = gnu17;
				GCC_NO_COMMON_BLOCKS = YES;
				GCC_WARN_64_TO_32_BIT_CONVERSION = YES;
				GCC_WARN_ABOUT_RETURN_TYPE = YES_ERROR;
				GCC_WARN_UNDECLARED_SELECTOR = YES;
				GCC_WARN_UNINITIALIZED_AUTOS = YES_AGGRESSIVE;
				GCC_WARN_UNUSED_FUNCTION = YES;
				GCC_WARN_UNUSED_VARIABLE = YES;
				IPHONEOS_DEPLOYMENT_TARGET = 17.4;
				LOCALIZATION_PREFERS_STRING_CATALOGS = YES;
				MTL_ENABLE_DEBUG_INFO = NO;
				MTL_FAST_MATH = YES;
				SDKROOT = iphoneos;
				SWIFT_COMPILATION_MODE = wholemodule;
				VALIDATE_PRODUCT = YES;
			};
			name = Release;
		};
		02718D742BDEEBFB00D277E4 /* Debug */ = {
			isa = XCBuildConfiguration;
			buildSettings = {
				ASSETCATALOG_COMPILER_APPICON_NAME = AppIcon;
				ASSETCATALOG_COMPILER_GLOBAL_ACCENT_COLOR_NAME = AccentColor;
				CODE_SIGN_STYLE = Automatic;
				CURRENT_PROJECT_VERSION = 1;
				DEVELOPMENT_TEAM = 6C2M2DGQA3;
				GENERATE_INFOPLIST_FILE = YES;
				INFOPLIST_FILE = iKid/Info.plist;
				INFOPLIST_KEY_UIApplicationSupportsIndirectInputEvents = YES;
				INFOPLIST_KEY_UILaunchStoryboardName = LaunchScreen;
				INFOPLIST_KEY_UIMainStoryboardFile = Main;
				INFOPLIST_KEY_UISupportedInterfaceOrientations_iPad = "UIInterfaceOrientationPortrait UIInterfaceOrientationPortraitUpsideDown UIInterfaceOrientationLandscapeLeft UIInterfaceOrientationLandscapeRight";
				INFOPLIST_KEY_UISupportedInterfaceOrientations_iPhone = "UIInterfaceOrientationPortrait UIInterfaceOrientationLandscapeLeft UIInterfaceOrientationLandscapeRight";
				LD_RUNPATH_SEARCH_PATHS = (
					"$(inherited)",
					"@executable_path/Frameworks",
				);
				MARKETING_VERSION = 1.0;
				PRODUCT_BUNDLE_IDENTIFIER = edu.uw.ischool.cxiao4.iKid;
				PRODUCT_NAME = "$(TARGET_NAME)";
				SWIFT_EMIT_LOC_STRINGS = YES;
				SWIFT_VERSION = 5.0;
				TARGETED_DEVICE_FAMILY = "1,2";
			};
			name = Debug;
		};
		02718D752BDEEBFB00D277E4 /* Release */ = {
			isa = XCBuildConfiguration;
			buildSettings = {
				ASSETCATALOG_COMPILER_APPICON_NAME = AppIcon;
				ASSETCATALOG_COMPILER_GLOBAL_ACCENT_COLOR_NAME = AccentColor;
				CODE_SIGN_STYLE = Automatic;
				CURRENT_PROJECT_VERSION = 1;
				DEVELOPMENT_TEAM = 6C2M2DGQA3;
				GENERATE_INFOPLIST_FILE = YES;
				INFOPLIST_FILE = iKid/Info.plist;
				INFOPLIST_KEY_UIApplicationSupportsIndirectInputEvents = YES;
				INFOPLIST_KEY_UILaunchStoryboardName = LaunchScreen;
				INFOPLIST_KEY_UIMainStoryboardFile = Main;
				INFOPLIST_KEY_UISupportedInterfaceOrientations_iPad = "UIInterfaceOrientationPortrait UIInterfaceOrientationPortraitUpsideDown UIInterfaceOrientationLandscapeLeft UIInterfaceOrientationLandscapeRight";
				INFOPLIST_KEY_UISupportedInterfaceOrientations_iPhone = "UIInterfaceOrientationPortrait UIInterfaceOrientationLandscapeLeft UIInterfaceOrientationLandscapeRight";
				LD_RUNPATH_SEARCH_PATHS = (
					"$(inherited)",
					"@executable_path/Frameworks",
				);
				MARKETING_VERSION = 1.0;
				PRODUCT_BUNDLE_IDENTIFIER = edu.uw.ischool.cxiao4.iKid;
				PRODUCT_NAME = "$(TARGET_NAME)";
				SWIFT_EMIT_LOC_STRINGS = YES;
				SWIFT_VERSION = 5.0;
				TARGETED_DEVICE_FAMILY = "1,2";
			};
			name = Release;
		};
		02718D772BDEEBFB00D277E4 /* Debug */ = {
			isa = XCBuildConfiguration;
			buildSettings = {
				ALWAYS_EMBED_SWIFT_STANDARD_LIBRARIES = YES;
				BUNDLE_LOADER = "$(TEST_HOST)";
				CODE_SIGN_STYLE = Automatic;
				CURRENT_PROJECT_VERSION = 1;
				DEVELOPMENT_TEAM = 6C2M2DGQA3;
				GENERATE_INFOPLIST_FILE = YES;
				IPHONEOS_DEPLOYMENT_TARGET = 17.4;
				MARKETING_VERSION = 1.0;
				PRODUCT_BUNDLE_IDENTIFIER = edu.uw.ischool.cxiao4.iKidTests;
				PRODUCT_NAME = "$(TARGET_NAME)";
				SWIFT_EMIT_LOC_STRINGS = NO;
				SWIFT_VERSION = 5.0;
				TARGETED_DEVICE_FAMILY = "1,2";
				TEST_HOST = "$(BUILT_PRODUCTS_DIR)/iKid.app/$(BUNDLE_EXECUTABLE_FOLDER_PATH)/iKid";
			};
			name = Debug;
		};
		02718D782BDEEBFB00D277E4 /* Release */ = {
			isa = XCBuildConfiguration;
			buildSettings = {
				ALWAYS_EMBED_SWIFT_STANDARD_LIBRARIES = YES;
				BUNDLE_LOADER = "$(TEST_HOST)";
				CODE_SIGN_STYLE = Automatic;
				CURRENT_PROJECT_VERSION = 1;
				DEVELOPMENT_TEAM = 6C2M2DGQA3;
				GENERATE_INFOPLIST_FILE = YES;
				IPHONEOS_DEPLOYMENT_TARGET = 17.4;
				MARKETING_VERSION = 1.0;
				PRODUCT_BUNDLE_IDENTIFIER = edu.uw.ischool.cxiao4.iKidTests;
				PRODUCT_NAME = "$(TARGET_NAME)";
				SWIFT_EMIT_LOC_STRINGS = NO;
				SWIFT_VERSION = 5.0;
				TARGETED_DEVICE_FAMILY = "1,2";
				TEST_HOST = "$(BUILT_PRODUCTS_DIR)/iKid.app/$(BUNDLE_EXECUTABLE_FOLDER_PATH)/iKid";
			};
			name = Release;
		};
		02718D7A2BDEEBFB00D277E4 /* Debug */ = {
			isa = XCBuildConfiguration;
			buildSettings = {
				ALWAYS_EMBED_SWIFT_STANDARD_LIBRARIES = YES;
				CODE_SIGN_STYLE = Automatic;
				CURRENT_PROJECT_VERSION = 1;
				DEVELOPMENT_TEAM = 6C2M2DGQA3;
				GENERATE_INFOPLIST_FILE = YES;
				MARKETING_VERSION = 1.0;
				PRODUCT_BUNDLE_IDENTIFIER = edu.uw.ischool.cxiao4.iKidUITests;
				PRODUCT_NAME = "$(TARGET_NAME)";
				SWIFT_EMIT_LOC_STRINGS = NO;
				SWIFT_VERSION = 5.0;
				TARGETED_DEVICE_FAMILY = "1,2";
				TEST_TARGET_NAME = iKid;
			};
			name = Debug;
		};
		02718D7B2BDEEBFB00D277E4 /* Release */ = {
			isa = XCBuildConfiguration;
			buildSettings = {
				ALWAYS_EMBED_SWIFT_STANDARD_LIBRARIES = YES;
				CODE_SIGN_STYLE = Automatic;
				CURRENT_PROJECT_VERSION = 1;
				DEVELOPMENT_TEAM = 6C2M2DGQA3;
				GENERATE_INFOPLIST_FILE = YES;
				MARKETING_VERSION = 1.0;
				PRODUCT_BUNDLE_IDENTIFIER = edu.uw.ischool.cxiao4.iKidUITests;
				PRODUCT_NAME = "$(TARGET_NAME)";
				SWIFT_EMIT_LOC_STRINGS = NO;
				SWIFT_VERSION = 5.0;
				TARGETED_DEVICE_FAMILY = "1,2";
				TEST_TARGET_NAME = iKid;
			};
			name = Release;
		};
/* End XCBuildConfiguration section */

/* Begin XCConfigurationList section */
		02718D442BDEEBFA00D277E4 /* Build configuration list for PBXProject "iKid" */ = {
			isa = XCConfigurationList;
			buildConfigurations = (
				02718D712BDEEBFB00D277E4 /* Debug */,
				02718D722BDEEBFB00D277E4 /* Release */,
			);
			defaultConfigurationIsVisible = 0;
			defaultConfigurationName = Release;
		};
		02718D732BDEEBFB00D277E4 /* Build configuration list for PBXNativeTarget "iKid" */ = {
			isa = XCConfigurationList;
			buildConfigurations = (
				02718D742BDEEBFB00D277E4 /* Debug */,
				02718D752BDEEBFB00D277E4 /* Release */,
			);
			defaultConfigurationIsVisible = 0;
			defaultConfigurationName = Release;
		};
		02718D762BDEEBFB00D277E4 /* Build configuration list for PBXNativeTarget "iKidTests" */ = {
			isa = XCConfigurationList;
			buildConfigurations = (
				02718D772BDEEBFB00D277E4 /* Debug */,
				02718D782BDEEBFB00D277E4 /* Release */,
			);
			defaultConfigurationIsVisible = 0;
			defaultConfigurationName = Release;
		};
		02718D792BDEEBFB00D277E4 /* Build configuration list for PBXNativeTarget "iKidUITests" */ = {
			isa = XCConfigurationList;
			buildConfigurations = (
				02718D7A2BDEEBFB00D277E4 /* Debug */,
				02718D7B2BDEEBFB00D277E4 /* Release */,
			);
			defaultConfigurationIsVisible = 0;
			defaultConfigurationName = Release;
		};
/* End XCConfigurationList section */
	};
	rootObject = 02718D412BDEEBFA00D277E4 /* Project object */;
}
